
Microsoft Visual Studio Solution File, Format Version 12.00
# Visual Studio Version 16
VisualStudioVersion = 16.0.31515.178
MinimumVisualStudioVersion = 10.0.40219.1
Project("{FAE04EC0-301F-11D3-BF4B-00C04F79EFBC}") = "FirstAwesomeXmApp.Android", "FirstAwesomeXmApp\FirstAwesomeXmApp.Android\FirstAwesomeXmApp.Android.csproj", "{6BFE5C19-DAED-4A54-889F-96320BE46635}"
EndProject
Project("{FAE04EC0-301F-11D3-BF4B-00C04F79EFBC}") = "FirstAwesomeXmApp.iOS", "FirstAwesomeXmApp\FirstAwesomeXmApp.iOS\FirstAwesomeXmApp.iOS.csproj", "{D045DEB3-A286-4639-989C-9045284A2029}"
EndProject
Project("{FAE04EC0-301F-11D3-BF4B-00C04F79EFBC}") = "FirstAwesomeXmApp", "FirstAwesomeXmApp\FirstAwesomeXmApp\FirstAwesomeXmApp.csproj", "{83EE4DC8-E74C-4879-B804-6CB6A166797A}"
EndProject
Global
	GlobalSection(SolutionConfigurationPlatforms) = preSolution
		Debug|Any CPU = Debug|Any CPU
		Debug|iPhone = Debug|iPhone
		Debug|iPhoneSimulator = Debug|iPhoneSimulator
		Release|Any CPU = Release|Any CPU
		Release|iPhone = Release|iPhone
		Release|iPhoneSimulator = Release|iPhoneSimulator
	EndGlobalSection
	GlobalSection(ProjectConfigurationPlatforms) = postSolution
		{6BFE5C19-DAED-4A54-889F-96320BE46635}.Debug|Any CPU.ActiveCfg = Debug|Any CPU
		{6BFE5C19-DAED-4A54-889F-96320BE46635}.Debug|Any CPU.Build.0 = Debug|Any CPU
		{6BFE5C19-DAED-4A54-889F-96320BE46635}.Debug|Any CPU.Deploy.0 = Debug|Any CPU
		{6BFE5C19-DAED-4A54-889F-96320BE46635}.Debug|iPhone.ActiveCfg = Debug|Any CPU
		{6BFE5C19-DAED-4A54-889F-96320BE46635}.Debug|iPhone.Build.0 = Debug|Any CPU
		{6BFE5C19-DAED-4A54-889F-96320BE46635}.Debug|iPhone.Deploy.0 = Debug|Any CPU
		{6BFE5C19-DAED-4A54-889F-96320BE46635}.Debug|iPhoneSimulator.ActiveCfg = Debug|Any CPU
		{6BFE5C19-DAED-4A54-889F-96320BE46635}.Debug|iPhoneSimulator.Build.0 = Debug|Any CPU
		{6BFE5C19-DAED-4A54-889F-96320BE46635}.Debug|iPhoneSimulator.Deploy.0 = Debug|Any CPU
		{6BFE5C19-DAED-4A54-889F-96320BE46635}.Release|Any CPU.ActiveCfg = Release|Any CPU
		{6BFE5C19-DAED-4A54-889F-96320BE46635}.Release|Any CPU.Build.0 = Release|Any CPU
		{6BFE5C19-DAED-4A54-889F-96320BE46635}.Release|Any CPU.Deploy.0 = Release|Any CPU
		{6BFE5C19-DAED-4A54-889F-96320BE46635}.Release|iPhone.ActiveCfg = Release|Any CPU
		{6BFE5C19-DAED-4A54-889F-96320BE46635}.Release|iPhone.Build.0 = Release|Any CPU
		{6BFE5C19-DAED-4A54-889F-96320BE46635}.Release|iPhone.Deploy.0 = Release|Any CPU
		{6BFE5C19-DAED-4A54-889F-96320BE46635}.Release|iPhoneSimulator.ActiveCfg = Release|Any CPU
		{6BFE5C19-DAED-4A54-889F-96320BE46635}.Release|iPhoneSimulator.Build.0 = Release|Any CPU
		{6BFE5C19-DAED-4A54-889F-96320BE46635}.Release|iPhoneSimulator.Deploy.0 = Release|Any CPU
		{D045DEB3-A286-4639-989C-9045284A2029}.Debug|Any CPU.ActiveCfg = Debug|iPhone
		{D045DEB3-A286-4639-989C-9045284A2029}.Debug|Any CPU.Build.0 = Debug|iPhone
		{D045DEB3-A286-4639-989C-9045284A2029}.Debug|Any CPU.Deploy.0 = Debug|iPhone
		{D045DEB3-A286-4639-989C-9045284A2029}.Debug|iPhone.ActiveCfg = Debug|iPhone
		{D045DEB3-A286-4639-989C-9045284A2029}.Debug|iPhone.Build.0 = Debug|iPhone
		{D045DEB3-A286-4639-989C-9045284A2029}.Debug|iPhone.Deploy.0 = Debug|iPhone
		{D045DEB3-A286-4639-989C-9045284A2029}.Debug|iPhoneSimulator.ActiveCfg = Debug|iPhoneSimulator
		{D045DEB3-A286-4639-989C-9045284A2029}.Debug|iPhoneSimulator.Build.0 = Debug|iPhoneSimulator
		{D045DEB3-A286-4639-989C-9045284A2029}.Debug|iPhoneSimulator.Deploy.0 = Debug|iPhoneSimulator
		{D045DEB3-A286-4639-989C-9045284A2029}.Release|Any CPU.ActiveCfg = Release|iPhoneSimulator
		{D045DEB3-A286-4639-989C-9045284A2029}.Release|Any CPU.Build.0 = Release|iPhoneSimulator
		{D045DEB3-A286-4639-989C-9045284A2029}.Release|Any CPU.Deploy.0 = Release|iPhoneSimulator
		{D045DEB3-A286-4639-989C-9045284A2029}.Release|iPhone.ActiveCfg = Release|iPhone
		{D045DEB3-A286-4639-989C-9045284A2029}.Release|iPhone.Build.0 = Release|iPhone
		{D045DEB3-A286-4639-989C-9045284A2029}.Release|iPhone.Deploy.0 = Release|iPhone
		{D045DEB3-A286-4639-989C-9045284A2029}.Release|iPhoneSimulator.ActiveCfg = Release|iPhoneSimulator
		{D045DEB3-A286-4639-989C-9045284A2029}.Release|iPhoneSimulator.Build.0 = Release|iPhoneSimulator
		{D045DEB3-A286-4639-989C-9045284A2029}.Release|iPhoneSimulator.Deploy.0 = Release|iPhoneSimulator
		{83EE4DC8-E74C-4879-B804-6CB6A166797A}.Debug|Any CPU.ActiveCfg = Debug|Any CPU
		{83EE4DC8-E74C-4879-B804-6CB6A166797A}.Debug|Any CPU.Build.0 = Debug|Any CPU
		{83EE4DC8-E74C-4879-B804-6CB6A166797A}.Debug|Any CPU.Deploy.0 = Debug|Any CPU
		{83EE4DC8-E74C-4879-B804-6CB6A166797A}.Debug|iPhone.ActiveCfg = Debug|Any CPU
		{83EE4DC8-E74C-4879-B804-6CB6A166797A}.Debug|iPhone.Build.0 = Debug|Any CPU
		{83EE4DC8-E74C-4879-B804-6CB6A166797A}.Debug|iPhone.Deploy.0 = Debug|Any CPU
		{83EE4DC8-E74C-4879-B804-6CB6A166797A}.Debug|iPhoneSimulator.ActiveCfg = Debug|Any CPU
		{83EE4DC8-E74C-4879-B804-6CB6A166797A}.Debug|iPhoneSimulator.Build.0 = Debug|Any CPU
		{83EE4DC8-E74C-4879-B804-6CB6A166797A}.Debug|iPhoneSimulator.Deploy.0 = Debug|Any CPU
		{83EE4DC8-E74C-4879-B804-6CB6A166797A}.Release|Any CPU.ActiveCfg = Release|Any CPU
		{83EE4DC8-E74C-4879-B804-6CB6A166797A}.Release|Any CPU.Build.0 = Release|Any CPU
		{83EE4DC8-E74C-4879-B804-6CB6A166797A}.Release|Any CPU.Deploy.0 = Release|Any CPU
		{83EE4DC8-E74C-4879-B804-6CB6A166797A}.Release|iPhone.ActiveCfg = Release|Any CPU
		{83EE4DC8-E74C-4879-B804-6CB6A166797A}.Release|iPhone.Build.0 = Release|Any CPU
		{83EE4DC8-E74C-4879-B804-6CB6A166797A}.Release|iPhone.Deploy.0 = Release|Any CPU
		{83EE4DC8-E74C-4879-B804-6CB6A166797A}.Release|iPhoneSimulator.ActiveCfg = Release|Any CPU
		{83EE4DC8-E74C-4879-B804-6CB6A166797A}.Release|iPhoneSimulator.Build.0 = Release|Any CPU
		{83EE4DC8-E74C-4879-B804-6CB6A166797A}.Release|iPhoneSimulator.Deploy.0 = Release|Any CPU
	EndGlobalSection
	GlobalSection(SolutionProperties) = preSolution
		HideSolutionNode = FALSE
	EndGlobalSection
	GlobalSection(ExtensibilityGlobals) = postSolution
		SolutionGuid = {64E4716E-C8D8-46E7-8E91-13C608AD3199}
	EndGlobalSection
EndGlobal
